
Microsoft Visual Studio Solution File, Format Version 12.00
# Visual Studio Version 17
VisualStudioVersion = 17.3.32929.385
MinimumVisualStudioVersion = 10.0.40219.1
Project("{FAE04EC0-301F-11D3-BF4B-00C04F79EFBC}") = "MvcMovie", "MvcMovie\MvcMovie.csproj", "{4B7E7DAD-B2B4-4A03-B85B-146E11D39BAF}"
EndProject
Global
	GlobalSection(SolutionConfigurationPlatforms) = preSolution
		Debug|Any CPU = Debug|Any CPU
		Release|Any CPU = Release|Any CPU
	EndGlobalSection
	GlobalSection(ProjectConfigurationPlatforms) = postSolution
		{4B7E7DAD-B2B4-4A03-B85B-146E11D39BAF}.Debug|Any CPU.ActiveCfg = Debug|Any CPU
		{4B7E7DAD-B2B4-4A03-B85B-146E11D39BAF}.Debug|Any CPU.Build.0 = Debug|Any CPU
		{4B7E7DAD-B2B4-4A03-B85B-146E11D39BAF}.Release|Any CPU.ActiveCfg = Release|Any CPU
		{4B7E7DAD-B2B4-4A03-B85B-146E11D39BAF}.Release|Any CPU.Build.0 = Release|Any CPU
	EndGlobalSection
	GlobalSection(SolutionProperties) = preSolution
		HideSolutionNode = FALSE
	EndGlobalSection
	GlobalSection(ExtensibilityGlobals) = postSolution
		SolutionGuid = {9C9E6093-86BF-4D16-B1B0-9EEED3791CCE}
	EndGlobalSection
EndGlobal
